{
    "_meta": {
        "hash": {
            "sha256": "156a3b3a7bd382bd4dd6a1eb37f566904c9d0ce8ad7ac33b02953c10797a9733"
        },
        "pipfile-spec": 6,
        "requires": {
            "python_version": "3.10.0"
        },
        "sources": [
            {
                "name": "pypi",
                "url": "https://pypi.org/simple",
                "verify_ssl": true
            }
        ]
    },
    "default": {
        "py4j": {
            "hashes": [
                "sha256:0b6e5315bb3ada5cf62ac651d107bb2ebc02def3dee9d9548e3baac644ea8dbb",
                "sha256:85defdfd2b2376eb3abf5ca6474b51ab7e0de341c75a02f46dc9b5976f5a5c1b"
            ],
            "version": "==0.10.9.7"
        },
        "pyspark": {
            "hashes": [
                "sha256:d41a9b76bd2aca370a6100d075c029e22ba44c5940927877e9435a3a9c566558"
            ],
            "index": "pypi",
            "markers": "python_version >= '3.8'",
            "version": "==3.5.0"
        }
    },
    "develop": {}
}
